// !$*UTF8*$!
{ archiveVersion = 1; classes = {}; objectVersion = 56; objects = {
000000000000000000000001 = { isa = PBXProject; attributes = { LastUpgradeCheck = 2630; }; buildConfigurationList = 00000000000000000000000A; compatibilityVersion = "Xcode 14.0"; developmentRegion = ru; knownRegions = (en, es, fr, de, it, pt, pl, ru, uk, Base); mainGroup = 000000000000000000000002; productRefGroup = 000000000000000000000004; projectDirPath = ""; projectRoot = ""; packageReferences = (00000000000000000000012C, 000000000000000000000130); targets = (000000000000000000000005); };
000000000000000000000002 = { isa = PBXGroup; children = (000000000000000000000003, 000000000000000000000004); sourceTree = "<group>"; };
000000000000000000000003 = { isa = PBXGroup; children = (000000000000000000000156, 000000000000000000000147, 000000000000000000000145, 000000000000000000000140, 00000000000000000000009A, 000000000000000000000064, 000000000000000000000065, 000000000000000000000066, 000000000000000000000067, 000000000000000000000068, 000000000000000000000069, 000000000000000000000096, 000000000000000000000097, 000000000000000000000098, 000000000000000000000099); path = BlindChess; sourceTree = "<group>"; };
000000000000000000000004 = { isa = PBXGroup; children = (000000000000000000000006); name = Products; sourceTree = "<group>"; };
000000000000000000000005 = { isa = PBXNativeTarget; buildConfigurationList = 00000000000000000000000B; buildPhases = (000000000000000000000007, 000000000000000000000008, 000000000000000000000009); buildRules = (); dependencies = (); name = BlindChess; packageProductDependencies = (00000000000000000000012D, 000000000000000000000131); productName = BlindChess; productReference = 000000000000000000000006; productType = "com.apple.product-type.application"; };
000000000000000000000006 = { isa = PBXFileReference; explicitFileType = wrapper.application; includeInIndex = 0; path = BlindChess.app; sourceTree = BUILT_PRODUCTS_DIR; };
000000000000000000000007 = { isa = PBXSourcesBuildPhase; buildActionMask = 2147483647; files = (0000000000000000000000FE, 0000000000000000000000C8, 0000000000000000000000C9, 0000000000000000000000CA, 0000000000000000000000CB, 0000000000000000000000CC, 0000000000000000000000CD, 0000000000000000000000FC, 0000000000000000000000FD); runOnlyForDeploymentPostprocessing = 0; };
000000000000000000000008 = { isa = PBXFrameworksBuildPhase; buildActionMask = 2147483647; files = (00000000000000000000012E, 000000000000000000000132); runOnlyForDeploymentPostprocessing = 0; };
000000000000000000000009 = { isa = PBXResourcesBuildPhase; buildActionMask = 2147483647; files = (000000000000000000000157, 0000000000000000000000FB, 000000000000000000000144, 000000000000000000000146, 000000000000000000000148); runOnlyForDeploymentPostprocessing = 0; };
00000000000000000000000A = { isa = XCConfigurationList; buildConfigurations = (00000000000000000000000C, 00000000000000000000000D); defaultConfigurationIsVisible = 0; defaultConfigurationName = Release; };
00000000000000000000000B = { isa = XCConfigurationList; buildConfigurations = (00000000000000000000000E, 00000000000000000000000F); defaultConfigurationIsVisible = 0; defaultConfigurationName = Release; };
00000000000000000000000C = { isa = XCBuildConfiguration; buildSettings = { CLANG_ENABLE_MODULES = YES; SDKROOT = iphoneos; IPHONEOS_DEPLOYMENT_TARGET = 17.0; SWIFT_VERSION = 5.0; SWIFT_OPTIMIZATION_LEVEL = "-Onone"; DEBUG_INFORMATION_FORMAT = dwarf; SWIFT_ACTIVE_COMPILATION_CONDITIONS = DEBUG; }; name = Debug; };
00000000000000000000000D = { isa = XCBuildConfiguration; buildSettings = { CLANG_ENABLE_MODULES = YES; SDKROOT = iphoneos; IPHONEOS_DEPLOYMENT_TARGET = 17.0; SWIFT_VERSION = 5.0; SWIFT_OPTIMIZATION_LEVEL = "-O"; DEBUG_INFORMATION_FORMAT = "dwarf-with-dsym"; SWIFT_COMPILATION_MODE = wholemodule; }; name = Release; };
00000000000000000000000E = { isa = XCBuildConfiguration; buildSettings = { PRODUCT_BUNDLE_IDENTIFIER = com.blindchess.training; PRODUCT_NAME = "$(TARGET_NAME)"; INFOPLIST_FILE = BlindChess/Info.plist; GENERATE_INFOPLIST_FILE = NO; TARGETED_DEVICE_FAMILY = "1,2"; CODE_SIGN_STYLE = Automatic; CURRENT_PROJECT_VERSION = 56; ASSETCATALOG_COMPILER_APPICON_NAME = AppIcon; MARKETING_VERSION = 1.1; SUPPORTS_MACCATALYST = NO; SWIFT_EMIT_LOC_STRINGS = YES; ENABLE_PREVIEWS = YES; }; name = Debug; };
00000000000000000000000F = { isa = XCBuildConfiguration; buildSettings = { PRODUCT_BUNDLE_IDENTIFIER = com.blindchess.training; PRODUCT_NAME = "$(TARGET_NAME)"; INFOPLIST_FILE = BlindChess/Info.plist; GENERATE_INFOPLIST_FILE = NO; TARGETED_DEVICE_FAMILY = "1,2"; CODE_SIGN_STYLE = Automatic; CURRENT_PROJECT_VERSION = 56; ASSETCATALOG_COMPILER_APPICON_NAME = AppIcon; MARKETING_VERSION = 1.1; SUPPORTS_MACCATALYST = NO; SWIFT_EMIT_LOC_STRINGS = YES; ENABLE_PREVIEWS = YES; }; name = Release; };
000000000000000000000064 = { isa = PBXFileReference; lastKnownFileType = sourcecode.swift; path = BlindChessApp.swift; sourceTree = "<group>"; };
0000000000000000000000C8 = { isa = PBXBuildFile; fileRef = 000000000000000000000064; };
000000000000000000000065 = { isa = PBXFileReference; lastKnownFileType = sourcecode.swift; path = ChessCore.swift; sourceTree = "<group>"; };
0000000000000000000000C9 = { isa = PBXBuildFile; fileRef = 000000000000000000000065; };
000000000000000000000066 = { isa = PBXFileReference; lastKnownFileType = sourcecode.swift; path = MoveParser.swift; sourceTree = "<group>"; };
0000000000000000000000CA = { isa = PBXBuildFile; fileRef = 000000000000000000000066; };
000000000000000000000067 = { isa = PBXFileReference; lastKnownFileType = sourcecode.swift; path = VoiceController.swift; sourceTree = "<group>"; };
0000000000000000000000CB = { isa = PBXBuildFile; fileRef = 000000000000000000000067; };
000000000000000000000068 = { isa = PBXFileReference; lastKnownFileType = sourcecode.swift; path = GameModel.swift; sourceTree = "<group>"; };
0000000000000000000000CC = { isa = PBXBuildFile; fileRef = 000000000000000000000068; };
000000000000000000000069 = { isa = PBXFileReference; lastKnownFileType = sourcecode.swift; path = GameView.swift; sourceTree = "<group>"; };
0000000000000000000000CD = { isa = PBXBuildFile; fileRef = 000000000000000000000069; };
000000000000000000000096 = { isa = PBXFileReference; lastKnownFileType = text.plist.xml; path = Info.plist; sourceTree = "<group>"; };
000000000000000000000097 = { isa = PBXFileReference; lastKnownFileType = folder.assetcatalog; path = Assets.xcassets; sourceTree = "<group>"; };
0000000000000000000000FB = { isa = PBXBuildFile; fileRef = 000000000000000000000097; };
000000000000000000000098 = { isa = PBXFileReference; lastKnownFileType = sourcecode.swift; path = VoiceTurnGate.swift; sourceTree = "<group>"; };
0000000000000000000000FC = { isa = PBXBuildFile; fileRef = 000000000000000000000098; };
00000000000000000000012C = { isa = XCRemoteSwiftPackageReference; repositoryURL = "https://github.com/argmaxinc/argmax-oss-swift.git"; requirement = { kind = exactVersion; version = 1.1.0; }; };
00000000000000000000012D = { isa = XCSwiftPackageProductDependency; package = 00000000000000000000012C; productName = WhisperKit; };
00000000000000000000012E = { isa = PBXBuildFile; productRef = 00000000000000000000012D; };
000000000000000000000099 = { isa = PBXFileReference; lastKnownFileType = sourcecode.swift; path = DiagnosticLog.swift; sourceTree = "<group>"; };
0000000000000000000000FD = { isa = PBXBuildFile; fileRef = 000000000000000000000099; };
000000000000000000000130 = { isa = XCLocalSwiftPackageReference; relativePath = StockfishKit; };
000000000000000000000131 = { isa = XCSwiftPackageProductDependency; package = 000000000000000000000130; productName = StockfishKit; };
000000000000000000000132 = { isa = PBXBuildFile; productRef = 000000000000000000000131; };
00000000000000000000009A = { isa = PBXFileReference; lastKnownFileType = sourcecode.swift; path = Localization.swift; sourceTree = "<group>"; };
0000000000000000000000FE = { isa = PBXBuildFile; fileRef = 00000000000000000000009A; };
000000000000000000000150 = { isa = PBXFileReference; lastKnownFileType = text.plist.strings; name = es; path = es.lproj/InfoPlist.strings; sourceTree = "<group>"; };
000000000000000000000151 = { isa = PBXFileReference; lastKnownFileType = text.plist.strings; name = fr; path = fr.lproj/InfoPlist.strings; sourceTree = "<group>"; };
000000000000000000000152 = { isa = PBXFileReference; lastKnownFileType = text.plist.strings; name = de; path = de.lproj/InfoPlist.strings; sourceTree = "<group>"; };
000000000000000000000153 = { isa = PBXFileReference; lastKnownFileType = text.plist.strings; name = it; path = it.lproj/InfoPlist.strings; sourceTree = "<group>"; };
000000000000000000000154 = { isa = PBXFileReference; lastKnownFileType = text.plist.strings; name = pt; path = pt.lproj/InfoPlist.strings; sourceTree = "<group>"; };
000000000000000000000155 = { isa = PBXFileReference; lastKnownFileType = text.plist.strings; name = pl; path = pl.lproj/InfoPlist.strings; sourceTree = "<group>"; };
000000000000000000000156 = { isa = PBXFileReference; lastKnownFileType = folder; path = Sounds; sourceTree = "<group>"; };
000000000000000000000157 = { isa = PBXBuildFile; fileRef = 000000000000000000000156; };
000000000000000000000140 = { isa = PBXVariantGroup; children = (000000000000000000000141, 000000000000000000000142, 000000000000000000000143, 000000000000000000000150, 000000000000000000000151, 000000000000000000000152, 000000000000000000000153, 000000000000000000000154, 000000000000000000000155); name = InfoPlist.strings; sourceTree = "<group>"; };
000000000000000000000141 = { isa = PBXFileReference; lastKnownFileType = text.plist.strings; name = en; path = en.lproj/InfoPlist.strings; sourceTree = "<group>"; };
000000000000000000000142 = { isa = PBXFileReference; lastKnownFileType = text.plist.strings; name = ru; path = ru.lproj/InfoPlist.strings; sourceTree = "<group>"; };
000000000000000000000143 = { isa = PBXFileReference; lastKnownFileType = text.plist.strings; name = uk; path = uk.lproj/InfoPlist.strings; sourceTree = "<group>"; };
000000000000000000000144 = { isa = PBXBuildFile; fileRef = 000000000000000000000140; };
000000000000000000000145 = { isa = PBXFileReference; lastKnownFileType = text.xml; path = PrivacyInfo.xcprivacy; sourceTree = "<group>"; };
000000000000000000000146 = { isa = PBXBuildFile; fileRef = 000000000000000000000145; };
000000000000000000000147 = { isa = PBXFileReference; lastKnownFileType = folder; path = Licenses; sourceTree = "<group>"; };
000000000000000000000148 = { isa = PBXBuildFile; fileRef = 000000000000000000000147; };
}; rootObject = 000000000000000000000001; }
